
Microsoft Visual Studio Solution File, Format Version 12.00
# Visual Studio Version 16
VisualStudioVersion = 16.0.29920.165
MinimumVisualStudioVersion = 10.0.40219.1
Project("{F184B08F-C81C-45F6-A57F-5ABD9991F28F}") = "Six-Function Calculator", "Six-Function Calculator\Six-Function Calculator.vbproj", "{CA1BFC3C-A59F-44F5-93AC-BE9DC7297309}"
EndProject
Global
	GlobalSection(SolutionConfigurationPlatforms) = preSolution
		Debug|Any CPU = Debug|Any CPU
		Release|Any CPU = Release|Any CPU
	EndGlobalSection
	GlobalSection(ProjectConfigurationPlatforms) = postSolution
		{CA1BFC3C-A59F-44F5-93AC-BE9DC7297309}.Debug|Any CPU.ActiveCfg = Debug|Any CPU
		{CA1BFC3C-A59F-44F5-93AC-BE9DC7297309}.Debug|Any CPU.Build.0 = Debug|Any CPU
		{CA1BFC3C-A59F-44F5-93AC-BE9DC7297309}.Release|Any CPU.ActiveCfg = Release|Any CPU
		{CA1BFC3C-A59F-44F5-93AC-BE9DC7297309}.Release|Any CPU.Build.0 = Release|Any CPU
	EndGlobalSection
	GlobalSection(SolutionProperties) = preSolution
		HideSolutionNode = FALSE
	EndGlobalSection
	GlobalSection(ExtensibilityGlobals) = postSolution
		SolutionGuid = {3E4463E3-2789-492E-A802-A1FEA22C4F13}
	EndGlobalSection
EndGlobal
