
Microsoft Visual Studio Solution File, Format Version 12.00
# Visual Studio Version 16
VisualStudioVersion = 16.0.29920.165
MinimumVisualStudioVersion = 10.0.40219.1
Project("{F184B08F-C81C-45F6-A57F-5ABD9991F28F}") = "Reading a File", "Reading a File\Reading a File.vbproj", "{2F346E0B-4760-468E-8B29-8CF09196496F}"
EndProject
Global
	GlobalSection(SolutionConfigurationPlatforms) = preSolution
		Debug|Any CPU = Debug|Any CPU
		Release|Any CPU = Release|Any CPU
	EndGlobalSection
	GlobalSection(ProjectConfigurationPlatforms) = postSolution
		{2F346E0B-4760-468E-8B29-8CF09196496F}.Debug|Any CPU.ActiveCfg = Debug|Any CPU
		{2F346E0B-4760-468E-8B29-8CF09196496F}.Debug|Any CPU.Build.0 = Debug|Any CPU
		{2F346E0B-4760-468E-8B29-8CF09196496F}.Release|Any CPU.ActiveCfg = Release|Any CPU
		{2F346E0B-4760-468E-8B29-8CF09196496F}.Release|Any CPU.Build.0 = Release|Any CPU
	EndGlobalSection
	GlobalSection(SolutionProperties) = preSolution
		HideSolutionNode = FALSE
	EndGlobalSection
	GlobalSection(ExtensibilityGlobals) = postSolution
		SolutionGuid = {46987305-DC74-4F66-ABFF-E7EF09E91FDF}
	EndGlobalSection
EndGlobal
